
Microsoft Visual Studio Solution File, Format Version 12.00
# Visual Studio Version 17
VisualStudioVersion = 17.0.31903.59
MinimumVisualStudioVersion = 10.0.40219.1
Project("{FAE04EC0-301F-11D3-BF4B-00C04F79EFBC}") = "bpfoster85.utility", "bpfoster85.utility.csproj", "{CC4814FB-48A3-40C2-B196-65A117DF191A}"
EndProject
Global
	GlobalSection(SolutionConfigurationPlatforms) = preSolution
		Debug|Any CPU = Debug|Any CPU
		Release|Any CPU = Release|Any CPU
	EndGlobalSection
	GlobalSection(ProjectConfigurationPlatforms) = postSolution
		{CC4814FB-48A3-40C2-B196-65A117DF191A}.Debug|Any CPU.ActiveCfg = Debug|Any CPU
		{CC4814FB-48A3-40C2-B196-65A117DF191A}.Debug|Any CPU.Build.0 = Debug|Any CPU
		{CC4814FB-48A3-40C2-B196-65A117DF191A}.Release|Any CPU.ActiveCfg = Release|Any CPU
		{CC4814FB-48A3-40C2-B196-65A117DF191A}.Release|Any CPU.Build.0 = Release|Any CPU
	EndGlobalSection
	GlobalSection(SolutionProperties) = preSolution
		HideSolutionNode = FALSE
	EndGlobalSection
	GlobalSection(ExtensibilityGlobals) = postSolution
		SolutionGuid = {5FF89509-CC07-4A2B-B414-9ED72F0BE4D2}
	EndGlobalSection
EndGlobal
